
Microsoft Visual Studio Solution File, Format Version 12.00
# Visual Studio Version 17
VisualStudioVersion = 17.3.32819.101
MinimumVisualStudioVersion = 10.0.40219.1
Project("{FAE04EC0-301F-11D3-BF4B-00C04F79EFBC}") = "CS_330_3489", "CS_330_3489\CS_330_3489.csproj", "{95A3182D-029E-453B-9D2E-31A537EE6F30}"
EndProject
Global
	GlobalSection(SolutionConfigurationPlatforms) = preSolution
		Debug|Any CPU = Debug|Any CPU
		Release|Any CPU = Release|Any CPU
	EndGlobalSection
	GlobalSection(ProjectConfigurationPlatforms) = postSolution
		{95A3182D-029E-453B-9D2E-31A537EE6F30}.Debug|Any CPU.ActiveCfg = Debug|Any CPU
		{95A3182D-029E-453B-9D2E-31A537EE6F30}.Debug|Any CPU.Build.0 = Debug|Any CPU
		{95A3182D-029E-453B-9D2E-31A537EE6F30}.Release|Any CPU.ActiveCfg = Release|Any CPU
		{95A3182D-029E-453B-9D2E-31A537EE6F30}.Release|Any CPU.Build.0 = Release|Any CPU
	EndGlobalSection
	GlobalSection(SolutionProperties) = preSolution
		HideSolutionNode = FALSE
	EndGlobalSection
	GlobalSection(ExtensibilityGlobals) = postSolution
		SolutionGuid = {0BC0E32C-0395-4BB1-BD5F-80E9F2398E50}
	EndGlobalSection
EndGlobal
